// !$*UTF8*$!
{
	archiveVersion = 1;
	classes = {
	};
	objectVersion = 56;
	objects = {

/* Begin PBXBuildFile section */
		0D828DDF292CA117000D54BC /* AppDelegate.swift in Sources */ = {isa = PBXBuildFile; fileRef = 0D828DDE292CA117000D54BC /* AppDelegate.swift */; };
		0D828DE1292CA117000D54BC /* SceneDelegate.swift in Sources */ = {isa = PBXBuildFile; fileRef = 0D828DE0292CA117000D54BC /* SceneDelegate.swift */; };
		0D828DE3292CA117000D54BC /* ButtonViewController.swift in Sources */ = {isa = PBXBuildFile; fileRef = 0D828DE2292CA117000D54BC /* ButtonViewController.swift */; };
		0D828DE6292CA117000D54BC /* Main.storyboard in Resources */ = {isa = PBXBuildFile; fileRef = 0D828DE4292CA117000D54BC /* Main.storyboard */; };
		0D828DE9292CA117000D54BC /* notification_test.xcdatamodeld in Sources */ = {isa = PBXBuildFile; fileRef = 0D828DE7292CA117000D54BC /* notification_test.xcdatamodeld */; };
		0D828DEB292CA119000D54BC /* Assets.xcassets in Resources */ = {isa = PBXBuildFile; fileRef = 0D828DEA292CA119000D54BC /* Assets.xcassets */; };
		0D828DEE292CA119000D54BC /* LaunchScreen.storyboard in Resources */ = {isa = PBXBuildFile; fileRef = 0D828DEC292CA119000D54BC /* LaunchScreen.storyboard */; };
		0D828DF9292CA119000D54BC /* notification_testTests.swift in Sources */ = {isa = PBXBuildFile; fileRef = 0D828DF8292CA119000D54BC /* notification_testTests.swift */; };
		0D828E03292CA119000D54BC /* notification_testUITests.swift in Sources */ = {isa = PBXBuildFile; fileRef = 0D828E02292CA119000D54BC /* notification_testUITests.swift */; };
		0D828E05292CA119000D54BC /* notification_testUITestsLaunchTests.swift in Sources */ = {isa = PBXBuildFile; fileRef = 0D828E04292CA119000D54BC /* notification_testUITestsLaunchTests.swift */; };
		0D828E14292CA1F6000D54BC /* LabelViewController2.swift in Sources */ = {isa = PBXBuildFile; fileRef = 0D828E13292CA1F6000D54BC /* LabelViewController2.swift */; };
/* End PBXBuildFile section */

/* Begin PBXContainerItemProxy section */
		0D828DF5292CA119000D54BC /* PBXContainerItemProxy */ = {
			isa = PBXContainerItemProxy;
			containerPortal = 0D828DD3292CA117000D54BC /* Project object */;
			proxyType = 1;
			remoteGlobalIDString = 0D828DDA292CA117000D54BC;
			remoteInfo = "notification test";
		};
		0D828DFF292CA119000D54BC /* PBXContainerItemProxy */ = {
			isa = PBXContainerItemProxy;
			containerPortal = 0D828DD3292CA117000D54BC /* Project object */;
			proxyType = 1;
			remoteGlobalIDString = 0D828DDA292CA117000D54BC;
			remoteInfo = "notification test";
		};
/* End PBXContainerItemProxy section */

/* Begin PBXFileReference section */
		0D828DDB292CA117000D54BC /* notification test.app */ = {isa = PBXFileReference; explicitFileType = wrapper.application; includeInIndex = 0; path = "notification test.app"; sourceTree = BUILT_PRODUCTS_DIR; };
		0D828DDE292CA117000D54BC /* AppDelegate.swift */ = {isa = PBXFileReference; lastKnownFileType = sourcecode.swift; path = AppDelegate.swift; sourceTree = "<group>"; };
		0D828DE0292CA117000D54BC /* SceneDelegate.swift */ = {isa = PBXFileReference; lastKnownFileType = sourcecode.swift; path = SceneDelegate.swift; sourceTree = "<group>"; };
		0D828DE2292CA117000D54BC /* ButtonViewController.swift */ = {isa = PBXFileReference; lastKnownFileType = sourcecode.swift; path = ButtonViewController.swift; sourceTree = "<group>"; };
		0D828DE5292CA117000D54BC /* Base */ = {isa = PBXFileReference; lastKnownFileType = file.storyboard; name = Base; path = Base.lproj/Main.storyboard; sourceTree = "<group>"; };
		0D828DE8292CA117000D54BC /* notification_test.xcdatamodel */ = {isa = PBXFileReference; lastKnownFileType = wrapper.xcdatamodel; path = notification_test.xcdatamodel; sourceTree = "<group>"; };
		0D828DEA292CA119000D54BC /* Assets.xcassets */ = {isa = PBXFileReference; lastKnownFileType = folder.assetcatalog; path = Assets.xcassets; sourceTree = "<group>"; };
		0D828DED292CA119000D54BC /* Base */ = {isa = PBXFileReference; lastKnownFileType = file.storyboard; name = Base; path = Base.lproj/LaunchScreen.storyboard; sourceTree = "<group>"; };
		0D828DEF292CA119000D54BC /* Info.plist */ = {isa = PBXFileReference; lastKnownFileType = text.plist.xml; path = Info.plist; sourceTree = "<group>"; };
		0D828DF4292CA119000D54BC /* notification testTests.xctest */ = {isa = PBXFileReference; explicitFileType = wrapper.cfbundle; includeInIndex = 0; path = "notification testTests.xctest"; sourceTree = BUILT_PRODUCTS_DIR; };
		0D828DF8292CA119000D54BC /* notification_testTests.swift */ = {isa = PBXFileReference; lastKnownFileType = sourcecode.swift; path = notification_testTests.swift; sourceTree = "<group>"; };
		0D828DFE292CA119000D54BC /* notification testUITests.xctest */ = {isa = PBXFileReference; explicitFileType = wrapper.cfbundle; includeInIndex = 0; path = "notification testUITests.xctest"; sourceTree = BUILT_PRODUCTS_DIR; };
		0D828E02292CA119000D54BC /* notification_testUITests.swift */ = {isa = PBXFileReference; lastKnownFileType = sourcecode.swift; path = notification_testUITests.swift; sourceTree = "<group>"; };
		0D828E04292CA119000D54BC /* notification_testUITestsLaunchTests.swift */ = {isa = PBXFileReference; lastKnownFileType = sourcecode.swift; path = notification_testUITestsLaunchTests.swift; sourceTree = "<group>"; };
		0D828E13292CA1F6000D54BC /* LabelViewController2.swift */ = {isa = PBXFileReference; lastKnownFileType = sourcecode.swift; path = LabelViewController2.swift; sourceTree = "<group>"; };
/* End PBXFileReference section */

/* Begin PBXFrameworksBuildPhase section */
		0D828DD8292CA117000D54BC /* Frameworks */ = {
			isa = PBXFrameworksBuildPhase;
			buildActionMask = 2147483647;
			files = (
			);
			runOnlyForDeploymentPostprocessing = 0;
		};
		0D828DF1292CA119000D54BC /* Frameworks */ = {
			isa = PBXFrameworksBuildPhase;
			buildActionMask = 2147483647;
			files = (
			);
			runOnlyForDeploymentPostprocessing = 0;
		};
		0D828DFB292CA119000D54BC /* Frameworks */ = {
			isa = PBXFrameworksBuildPhase;
			buildActionMask = 2147483647;
			files = (
			);
			runOnlyForDeploymentPostprocessing = 0;
		};
/* End PBXFrameworksBuildPhase section */

/* Begin PBXGroup section */
		0D828DD2292CA117000D54BC = {
			isa = PBXGroup;
			children = (
				0D828DDD292CA117000D54BC /* notification test */,
				0D828DF7292CA119000D54BC /* notification testTests */,
				0D828E01292CA119000D54BC /* notification testUITests */,
				0D828DDC292CA117000D54BC /* Products */,
			);
			sourceTree = "<group>";
		};
		0D828DDC292CA117000D54BC /* Products */ = {
			isa = PBXGroup;
			children = (
				0D828DDB292CA117000D54BC /* notification test.app */,
				0D828DF4292CA119000D54BC /* notification testTests.xctest */,
				0D828DFE292CA119000D54BC /* notification testUITests.xctest */,
			);
			name = Products;
			sourceTree = "<group>";
		};
		0D828DDD292CA117000D54BC /* notification test */ = {
			isa = PBXGroup;
			children = (
				0D828DDE292CA117000D54BC /* AppDelegate.swift */,
				0D828DE0292CA117000D54BC /* SceneDelegate.swift */,
				0D828DE2292CA117000D54BC /* ButtonViewController.swift */,
				0D828E13292CA1F6000D54BC /* LabelViewController2.swift */,
				0D828DE4292CA117000D54BC /* Main.storyboard */,
				0D828DEA292CA119000D54BC /* Assets.xcassets */,
				0D828DEC292CA119000D54BC /* LaunchScreen.storyboard */,
				0D828DEF292CA119000D54BC /* Info.plist */,
				0D828DE7292CA117000D54BC /* notification_test.xcdatamodeld */,
			);
			path = "notification test";
			sourceTree = "<group>";
		};
		0D828DF7292CA119000D54BC /* notification testTests */ = {
			isa = PBXGroup;
			children = (
				0D828DF8292CA119000D54BC /* notification_testTests.swift */,
			);
			path = "notification testTests";
			sourceTree = "<group>";
		};
		0D828E01292CA119000D54BC /* notification testUITests */ = {
			isa = PBXGroup;
			children = (
				0D828E02292CA119000D54BC /* notification_testUITests.swift */,
				0D828E04292CA119000D54BC /* notification_testUITestsLaunchTests.swift */,
			);
			path = "notification testUITests";
			sourceTree = "<group>";
		};
/* End PBXGroup section */

/* Begin PBXNativeTarget section */
		0D828DDA292CA117000D54BC /* notification test */ = {
			isa = PBXNativeTarget;
			buildConfigurationList = 0D828E08292CA119000D54BC /* Build configuration list for PBXNativeTarget "notification test" */;
			buildPhases = (
				0D828DD7292CA117000D54BC /* Sources */,
				0D828DD8292CA117000D54BC /* Frameworks */,
				0D828DD9292CA117000D54BC /* Resources */,
			);
			buildRules = (
			);
			dependencies = (
			);
			name = "notification test";
			productName = "notification test";
			productReference = 0D828DDB292CA117000D54BC /* notification test.app */;
			productType = "com.apple.product-type.application";
		};
		0D828DF3292CA119000D54BC /* notification testTests */ = {
			isa = PBXNativeTarget;
			buildConfigurationList = 0D828E0B292CA119000D54BC /* Build configuration list for PBXNativeTarget "notification testTests" */;
			buildPhases = (
				0D828DF0292CA119000D54BC /* Sources */,
				0D828DF1292CA119000D54BC /* Frameworks */,
				0D828DF2292CA119000D54BC /* Resources */,
			);
			buildRules = (
			);
			dependencies = (
				0D828DF6292CA119000D54BC /* PBXTargetDependency */,
			);
			name = "notification testTests";
			productName = "notification testTests";
			productReference = 0D828DF4292CA119000D54BC /* notification testTests.xctest */;
			productType = "com.apple.product-type.bundle.unit-test";
		};
		0D828DFD292CA119000D54BC /* notification testUITests */ = {
			isa = PBXNativeTarget;
			buildConfigurationList = 0D828E0E292CA119000D54BC /* Build configuration list for PBXNativeTarget "notification testUITests" */;
			buildPhases = (
				0D828DFA292CA119000D54BC /* Sources */,
				0D828DFB292CA119000D54BC /* Frameworks */,
				0D828DFC292CA119000D54BC /* Resources */,
			);
			buildRules = (
			);
			dependencies = (
				0D828E00292CA119000D54BC /* PBXTargetDependency */,
			);
			name = "notification testUITests";
			productName = "notification testUITests";
			productReference = 0D828DFE292CA119000D54BC /* notification testUITests.xctest */;
			productType = "com.apple.product-type.bundle.ui-testing";
		};
/* End PBXNativeTarget section */

/* Begin PBXProject section */
		0D828DD3292CA117000D54BC /* Project object */ = {
			isa = PBXProject;
			attributes = {
				BuildIndependentTargetsInParallel = 1;
				LastSwiftUpdateCheck = 1400;
				LastUpgradeCheck = 1400;
				TargetAttributes = {
					0D828DDA292CA117000D54BC = {
						CreatedOnToolsVersion = 14.0;
					};
					0D828DF3292CA119000D54BC = {
						CreatedOnToolsVersion = 14.0;
						TestTargetID = 0D828DDA292CA117000D54BC;
					};
					0D828DFD292CA119000D54BC = {
						CreatedOnToolsVersion = 14.0;
						TestTargetID = 0D828DDA292CA117000D54BC;
					};
				};
			};
			buildConfigurationList = 0D828DD6292CA117000D54BC /* Build configuration list for PBXProject "notification test" */;
			compatibilityVersion = "Xcode 14.0";
			developmentRegion = en;
			hasScannedForEncodings = 0;
			knownRegions = (
				en,
				Base,
			);
			mainGroup = 0D828DD2292CA117000D54BC;
			productRefGroup = 0D828DDC292CA117000D54BC /* Products */;
			projectDirPath = "";
			projectRoot = "";
			targets = (
				0D828DDA292CA117000D54BC /* notification test */,
				0D828DF3292CA119000D54BC /* notification testTests */,
				0D828DFD292CA119000D54BC /* notification testUITests */,
			);
		};
/* End PBXProject section */

/* Begin PBXResourcesBuildPhase section */
		0D828DD9292CA117000D54BC /* Resources */ = {
			isa = PBXResourcesBuildPhase;
			buildActionMask = 2147483647;
			files = (
				0D828DEE292CA119000D54BC /* LaunchScreen.storyboard in Resources */,
				0D828DEB292CA119000D54BC /* Assets.xcassets in Resources */,
				0D828DE6292CA117000D54BC /* Main.storyboard in Resources */,
			);
			runOnlyForDeploymentPostprocessing = 0;
		};
		0D828DF2292CA119000D54BC /* Resources */ = {
			isa = PBXResourcesBuildPhase;
			buildActionMask = 2147483647;
			files = (
			);
			runOnlyForDeploymentPostprocessing = 0;
		};
		0D828DFC292CA119000D54BC /* Resources */ = {
			isa = PBXResourcesBuildPhase;
			buildActionMask = 2147483647;
			files = (
			);
			runOnlyForDeploymentPostprocessing = 0;
		};
/* End PBXResourcesBuildPhase section */

/* Begin PBXSourcesBuildPhase section */
		0D828DD7292CA117000D54BC /* Sources */ = {
			isa = PBXSourcesBuildPhase;
			buildActionMask = 2147483647;
			files = (
				0D828E14292CA1F6000D54BC /* LabelViewController2.swift in Sources */,
				0D828DE9292CA117000D54BC /* notification_test.xcdatamodeld in Sources */,
				0D828DE3292CA117000D54BC /* ButtonViewController.swift in Sources */,
				0D828DDF292CA117000D54BC /* AppDelegate.swift in Sources */,
				0D828DE1292CA117000D54BC /* SceneDelegate.swift in Sources */,
			);
			runOnlyForDeploymentPostprocessing = 0;
		};
		0D828DF0292CA119000D54BC /* Sources */ = {
			isa = PBXSourcesBuildPhase;
			buildActionMask = 2147483647;
			files = (
				0D828DF9292CA119000D54BC /* notification_testTests.swift in Sources */,
			);
			runOnlyForDeploymentPostprocessing = 0;
		};
		0D828DFA292CA119000D54BC /* Sources */ = {
			isa = PBXSourcesBuildPhase;
			buildActionMask = 2147483647;
			files = (
				0D828E03292CA119000D54BC /* notification_testUITests.swift in Sources */,
				0D828E05292CA119000D54BC /* notification_testUITestsLaunchTests.swift in Sources */,
			);
			runOnlyForDeploymentPostprocessing = 0;
		};
/* End PBXSourcesBuildPhase section */

/* Begin PBXTargetDependency section */
		0D828DF6292CA119000D54BC /* PBXTargetDependency */ = {
			isa = PBXTargetDependency;
			target = 0D828DDA292CA117000D54BC /* notification test */;
			targetProxy = 0D828DF5292CA119000D54BC /* PBXContainerItemProxy */;
		};
		0D828E00292CA119000D54BC /* PBXTargetDependency */ = {
			isa = PBXTargetDependency;
			target = 0D828DDA292CA117000D54BC /* notification test */;
			targetProxy = 0D828DFF292CA119000D54BC /* PBXContainerItemProxy */;
		};
/* End PBXTargetDependency section */

/* Begin PBXVariantGroup section */
		0D828DE4292CA117000D54BC /* Main.storyboard */ = {
			isa = PBXVariantGroup;
			children = (
				0D828DE5292CA117000D54BC /* Base */,
			);
			name = Main.storyboard;
			sourceTree = "<group>";
		};
		0D828DEC292CA119000D54BC /* LaunchScreen.storyboard */ = {
			isa = PBXVariantGroup;
			children = (
				0D828DED292CA119000D54BC /* Base */,
			);
			name = LaunchScreen.storyboard;
			sourceTree = "<group>";
		};
/* End PBXVariantGroup section */

/* Begin XCBuildConfiguration section */
		0D828E06292CA119000D54BC /* Debug */ = {
			isa = XCBuildConfiguration;
			buildSettings = {
				ALWAYS_SEARCH_USER_PATHS = NO;
				CLANG_ANALYZER_NONNULL = YES;
				CLANG_ANALYZER_NUMBER_OBJECT_CONVERSION = YES_AGGRESSIVE;
				CLANG_CXX_LANGUAGE_STANDARD = "gnu++20";
				CLANG_ENABLE_MODULES = YES;
				CLANG_ENABLE_OBJC_ARC = YES;
				CLANG_ENABLE_OBJC_WEAK = YES;
				CLANG_WARN_BLOCK_CAPTURE_AUTORELEASING = YES;
				CLANG_WARN_BOOL_CONVERSION = YES;
				CLANG_WARN_COMMA = YES;
				CLANG_WARN_CONSTANT_CONVERSION = YES;
				CLANG_WARN_DEPRECATED_OBJC_IMPLEMENTATIONS = YES;
				CLANG_WARN_DIRECT_OBJC_ISA_USAGE = YES_ERROR;
				CLANG_WARN_DOCUMENTATION_COMMENTS = YES;
				CLANG_WARN_EMPTY_BODY = YES;
				CLANG_WARN_ENUM_CONVERSION = YES;
				CLANG_WARN_INFINITE_RECURSION = YES;
				CLANG_WARN_INT_CONVERSION = YES;
				CLANG_WARN_NON_LITERAL_NULL_CONVERSION = YES;
				CLANG_WARN_OBJC_IMPLICIT_RETAIN_SELF = YES;
				CLANG_WARN_OBJC_LITERAL_CONVERSION = YES;
				CLANG_WARN_OBJC_ROOT_CLASS = YES_ERROR;
				CLANG_WARN_QUOTED_INCLUDE_IN_FRAMEWORK_HEADER = YES;
				CLANG_WARN_RANGE_LOOP_ANALYSIS = YES;
				CLANG_WARN_STRICT_PROTOTYPES = YES;
				CLANG_WARN_SUSPICIOUS_MOVE = YES;
				CLANG_WARN_UNGUARDED_AVAILABILITY = YES_AGGRESSIVE;
				CLANG_WARN_UNREACHABLE_CODE = YES;
				CLANG_WARN__DUPLICATE_METHOD_MATCH = YES;
				COPY_PHASE_STRIP = NO;
				DEBUG_INFORMATION_FORMAT = dwarf;
				ENABLE_STRICT_OBJC_MSGSEND = YES;
				ENABLE_TESTABILITY = YES;
				GCC_C_LANGUAGE_STANDARD = gnu11;
				GCC_DYNAMIC_NO_PIC = NO;
				GCC_NO_COMMON_BLOCKS = YES;
				GCC_OPTIMIZATION_LEVEL = 0;
				GCC_PREPROCESSOR_DEFINITIONS = (
					"DEBUG=1",
					"$(inherited)",
				);
				GCC_WARN_64_TO_32_BIT_CONVERSION = YES;
				GCC_WARN_ABOUT_RETURN_TYPE = YES_ERROR;
				GCC_WARN_UNDECLARED_SELECTOR = YES;
				GCC_WARN_UNINITIALIZED_AUTOS = YES_AGGRESSIVE;
				GCC_WARN_UNUSED_FUNCTION = YES;
				GCC_WARN_UNUSED_VARIABLE = YES;
				IPHONEOS_DEPLOYMENT_TARGET = 16.0;
				MTL_ENABLE_DEBUG_INFO = INCLUDE_SOURCE;
				MTL_FAST_MATH = YES;
				ONLY_ACTIVE_ARCH = YES;
				SDKROOT = iphoneos;
				SWIFT_ACTIVE_COMPILATION_CONDITIONS = DEBUG;
				SWIFT_OPTIMIZATION_LEVEL = "-Onone";
			};
			name = Debug;
		};
		0D828E07292CA119000D54BC /* Release */ = {
			isa = XCBuildConfiguration;
			buildSettings = {
				ALWAYS_SEARCH_USER_PATHS = NO;
				CLANG_ANALYZER_NONNULL = YES;
				CLANG_ANALYZER_NUMBER_OBJECT_CONVERSION = YES_AGGRESSIVE;
				CLANG_CXX_LANGUAGE_STANDARD = "gnu++20";
				CLANG_ENABLE_MODULES = YES;
				CLANG_ENABLE_OBJC_ARC = YES;
				CLANG_ENABLE_OBJC_WEAK = YES;
				CLANG_WARN_BLOCK_CAPTURE_AUTORELEASING = YES;
				CLANG_WARN_BOOL_CONVERSION = YES;
				CLANG_WARN_COMMA = YES;
				CLANG_WARN_CONSTANT_CONVERSION = YES;
				CLANG_WARN_DEPRECATED_OBJC_IMPLEMENTATIONS = YES;
				CLANG_WARN_DIRECT_OBJC_ISA_USAGE = YES_ERROR;
				CLANG_WARN_DOCUMENTATION_COMMENTS = YES;
				CLANG_WARN_EMPTY_BODY = YES;
				CLANG_WARN_ENUM_CONVERSION = YES;
				CLANG_WARN_INFINITE_RECURSION = YES;
				CLANG_WARN_INT_CONVERSION = YES;
				CLANG_WARN_NON_LITERAL_NULL_CONVERSION = YES;
				CLANG_WARN_OBJC_IMPLICIT_RETAIN_SELF = YES;
				CLANG_WARN_OBJC_LITERAL_CONVERSION = YES;
				CLANG_WARN_OBJC_ROOT_CLASS = YES_ERROR;
				CLANG_WARN_QUOTED_INCLUDE_IN_FRAMEWORK_HEADER = YES;
				CLANG_WARN_RANGE_LOOP_ANALYSIS = YES;
				CLANG_WARN_STRICT_PROTOTYPES = YES;
				CLANG_WARN_SUSPICIOUS_MOVE = YES;
				CLANG_WARN_UNGUARDED_AVAILABILITY = YES_AGGRESSIVE;
				CLANG_WARN_UNREACHABLE_CODE = YES;
				CLANG_WARN__DUPLICATE_METHOD_MATCH = YES;
				COPY_PHASE_STRIP = NO;
				DEBUG_INFORMATION_FORMAT = "dwarf-with-dsym";
				ENABLE_NS_ASSERTIONS = NO;
				ENABLE_STRICT_OBJC_MSGSEND = YES;
				GCC_C_LANGUAGE_STANDARD = gnu11;
				GCC_NO_COMMON_BLOCKS = YES;
				GCC_WARN_64_TO_32_BIT_CONVERSION = YES;
				GCC_WARN_ABOUT_RETURN_TYPE = YES_ERROR;
				GCC_WARN_UNDECLARED_SELECTOR = YES;
				GCC_WARN_UNINITIALIZED_AUTOS = YES_AGGRESSIVE;
				GCC_WARN_UNUSED_FUNCTION = YES;
				GCC_WARN_UNUSED_VARIABLE = YES;
				IPHONEOS_DEPLOYMENT_TARGET = 16.0;
				MTL_ENABLE_DEBUG_INFO = NO;
				MTL_FAST_MATH = YES;
				SDKROOT = iphoneos;
				SWIFT_COMPILATION_MODE = wholemodule;
				SWIFT_OPTIMIZATION_LEVEL = "-O";
				VALIDATE_PRODUCT = YES;
			};
			name = Release;
		};
		0D828E09292CA119000D54BC /* Debug */ = {
			isa = XCBuildConfiguration;
			buildSettings = {
				ASSETCATALOG_COMPILER_APPICON_NAME = AppIcon;
				ASSETCATALOG_COMPILER_GLOBAL_ACCENT_COLOR_NAME = AccentColor;
				CODE_SIGN_STYLE = Automatic;
				CURRENT_PROJECT_VERSION = 1;
				GENERATE_INFOPLIST_FILE = YES;
				INFOPLIST_FILE = "notification test/Info.plist";
				INFOPLIST_KEY_UIApplicationSupportsIndirectInputEvents = YES;
				INFOPLIST_KEY_UILaunchStoryboardName = LaunchScreen;
				INFOPLIST_KEY_UIMainStoryboardFile = Main;
				INFOPLIST_KEY_UISupportedInterfaceOrientations_iPad = "UIInterfaceOrientationPortrait UIInterfaceOrientationPortraitUpsideDown UIInterfaceOrientationLandscapeLeft UIInterfaceOrientationLandscapeRight";
				INFOPLIST_KEY_UISupportedInterfaceOrientations_iPhone = "UIInterfaceOrientationPortrait UIInterfaceOrientationLandscapeLeft UIInterfaceOrientationLandscapeRight";
				LD_RUNPATH_SEARCH_PATHS = (
					"$(inherited)",
					"@executable_path/Frameworks",
				);
				MARKETING_VERSION = 1.0;
				PRODUCT_BUNDLE_IDENTIFIER = "no2.notification-test";
				PRODUCT_NAME = "$(TARGET_NAME)";
				SWIFT_EMIT_LOC_STRINGS = YES;
				SWIFT_VERSION = 5.0;
				TARGETED_DEVICE_FAMILY = "1,2";
			};
			name = Debug;
		};
		0D828E0A292CA119000D54BC /* Release */ = {
			isa = XCBuildConfiguration;
			buildSettings = {
				ASSETCATALOG_COMPILER_APPICON_NAME = AppIcon;
				ASSETCATALOG_COMPILER_GLOBAL_ACCENT_COLOR_NAME = AccentColor;
				CODE_SIGN_STYLE = Automatic;
				CURRENT_PROJECT_VERSION = 1;
				GENERATE_INFOPLIST_FILE = YES;
				INFOPLIST_FILE = "notification test/Info.plist";
				INFOPLIST_KEY_UIApplicationSupportsIndirectInputEvents = YES;
				INFOPLIST_KEY_UILaunchStoryboardName = LaunchScreen;
				INFOPLIST_KEY_UIMainStoryboardFile = Main;
				INFOPLIST_KEY_UISupportedInterfaceOrientations_iPad = "UIInterfaceOrientationPortrait UIInterfaceOrientationPortraitUpsideDown UIInterfaceOrientationLandscapeLeft UIInterfaceOrientationLandscapeRight";
				INFOPLIST_KEY_UISupportedInterfaceOrientations_iPhone = "UIInterfaceOrientationPortrait UIInterfaceOrientationLandscapeLeft UIInterfaceOrientationLandscapeRight";
				LD_RUNPATH_SEARCH_PATHS = (
					"$(inherited)",
					"@executable_path/Frameworks",
				);
				MARKETING_VERSION = 1.0;
				PRODUCT_BUNDLE_IDENTIFIER = "no2.notification-test";
				PRODUCT_NAME = "$(TARGET_NAME)";
				SWIFT_EMIT_LOC_STRINGS = YES;
				SWIFT_VERSION = 5.0;
				TARGETED_DEVICE_FAMILY = "1,2";
			};
			name = Release;
		};
		0D828E0C292CA119000D54BC /* Debug */ = {
			isa = XCBuildConfiguration;
			buildSettings = {
				ALWAYS_EMBED_SWIFT_STANDARD_LIBRARIES = YES;
				BUNDLE_LOADER = "$(TEST_HOST)";
				CODE_SIGN_STYLE = Automatic;
				CURRENT_PROJECT_VERSION = 1;
				GENERATE_INFOPLIST_FILE = YES;
				IPHONEOS_DEPLOYMENT_TARGET = 16.0;
				MARKETING_VERSION = 1.0;
				PRODUCT_BUNDLE_IDENTIFIER = "no2.notification-testTests";
				PRODUCT_NAME = "$(TARGET_NAME)";
				SWIFT_EMIT_LOC_STRINGS = NO;
				SWIFT_VERSION = 5.0;
				TARGETED_DEVICE_FAMILY = "1,2";
				TEST_HOST = "$(BUILT_PRODUCTS_DIR)/notification test.app/$(BUNDLE_EXECUTABLE_FOLDER_PATH)/notification test";
			};
			name = Debug;
		};
		0D828E0D292CA119000D54BC /* Release */ = {
			isa = XCBuildConfiguration;
			buildSettings = {
				ALWAYS_EMBED_SWIFT_STANDARD_LIBRARIES = YES;
				BUNDLE_LOADER = "$(TEST_HOST)";
				CODE_SIGN_STYLE = Automatic;
				CURRENT_PROJECT_VERSION = 1;
				GENERATE_INFOPLIST_FILE = YES;
				IPHONEOS_DEPLOYMENT_TARGET = 16.0;
				MARKETING_VERSION = 1.0;
				PRODUCT_BUNDLE_IDENTIFIER = "no2.notification-testTests";
				PRODUCT_NAME = "$(TARGET_NAME)";
				SWIFT_EMIT_LOC_STRINGS = NO;
				SWIFT_VERSION = 5.0;
				TARGETED_DEVICE_FAMILY = "1,2";
				TEST_HOST = "$(BUILT_PRODUCTS_DIR)/notification test.app/$(BUNDLE_EXECUTABLE_FOLDER_PATH)/notification test";
			};
			name = Release;
		};
		0D828E0F292CA119000D54BC /* Debug */ = {
			isa = XCBuildConfiguration;
			buildSettings = {
				ALWAYS_EMBED_SWIFT_STANDARD_LIBRARIES = YES;
				CODE_SIGN_STYLE = Automatic;
				CURRENT_PROJECT_VERSION = 1;
				GENERATE_INFOPLIST_FILE = YES;
				MARKETING_VERSION = 1.0;
				PRODUCT_BUNDLE_IDENTIFIER = "no2.notification-testUITests";
				PRODUCT_NAME = "$(TARGET_NAME)";
				SWIFT_EMIT_LOC_STRINGS = NO;
				SWIFT_VERSION = 5.0;
				TARGETED_DEVICE_FAMILY = "1,2";
				TEST_TARGET_NAME = "notification test";
			};
			name = Debug;
		};
		0D828E10292CA119000D54BC /* Release */ = {
			isa = XCBuildConfiguration;
			buildSettings = {
				ALWAYS_EMBED_SWIFT_STANDARD_LIBRARIES = YES;
				CODE_SIGN_STYLE = Automatic;
				CURRENT_PROJECT_VERSION = 1;
				GENERATE_INFOPLIST_FILE = YES;
				MARKETING_VERSION = 1.0;
				PRODUCT_BUNDLE_IDENTIFIER = "no2.notification-testUITests";
				PRODUCT_NAME = "$(TARGET_NAME)";
				SWIFT_EMIT_LOC_STRINGS = NO;
				SWIFT_VERSION = 5.0;
				TARGETED_DEVICE_FAMILY = "1,2";
				TEST_TARGET_NAME = "notification test";
			};
			name = Release;
		};
/* End XCBuildConfiguration section */

/* Begin XCConfigurationList section */
		0D828DD6292CA117000D54BC /* Build configuration list for PBXProject "notification test" */ = {
			isa = XCConfigurationList;
			buildConfigurations = (
				0D828E06292CA119000D54BC /* Debug */,
				0D828E07292CA119000D54BC /* Release */,
			);
			defaultConfigurationIsVisible = 0;
			defaultConfigurationName = Release;
		};
		0D828E08292CA119000D54BC /* Build configuration list for PBXNativeTarget "notification test" */ = {
			isa = XCConfigurationList;
			buildConfigurations = (
				0D828E09292CA119000D54BC /* Debug */,
				0D828E0A292CA119000D54BC /* Release */,
			);
			defaultConfigurationIsVisible = 0;
			defaultConfigurationName = Release;
		};
		0D828E0B292CA119000D54BC /* Build configuration list for PBXNativeTarget "notification testTests" */ = {
			isa = XCConfigurationList;
			buildConfigurations = (
				0D828E0C292CA119000D54BC /* Debug */,
				0D828E0D292CA119000D54BC /* Release */,
			);
			defaultConfigurationIsVisible = 0;
			defaultConfigurationName = Release;
		};
		0D828E0E292CA119000D54BC /* Build configuration list for PBXNativeTarget "notification testUITests" */ = {
			isa = XCConfigurationList;
			buildConfigurations = (
				0D828E0F292CA119000D54BC /* Debug */,
				0D828E10292CA119000D54BC /* Release */,
			);
			defaultConfigurationIsVisible = 0;
			defaultConfigurationName = Release;
		};
/* End XCConfigurationList section */

/* Begin XCVersionGroup section */
		0D828DE7292CA117000D54BC /* notification_test.xcdatamodeld */ = {
			isa = XCVersionGroup;
			children = (
				0D828DE8292CA117000D54BC /* notification_test.xcdatamodel */,
			);
			currentVersion = 0D828DE8292CA117000D54BC /* notification_test.xcdatamodel */;
			path = notification_test.xcdatamodeld;
			sourceTree = "<group>";
			versionGroupType = wrapper.xcdatamodel;
		};
/* End XCVersionGroup section */
	};
	rootObject = 0D828DD3292CA117000D54BC /* Project object */;
}
